
Microsoft Visual Studio Solution File, Format Version 12.00
# Visual Studio Version 17
VisualStudioVersion = 17.0.31903.59
MinimumVisualStudioVersion = 10.0.40219.1
Project("{2150E333-8FDC-42A3-9474-1A3956D46DE8}") = "src", "src", "{20537B0A-8660-456D-8E34-08FAA553D49F}"
EndProject
Project("{FAE04EC0-301F-11D3-BF4B-00C04F79EFBC}") = "IdentityServer", "src\IdentityServer\IdentityServer.csproj", "{498ED2C8-E02A-40DB-BB5B-465E94AA3D11}"
EndProject
Project("{FAE04EC0-301F-11D3-BF4B-00C04F79EFBC}") = "Api", "src\Api\Api.csproj", "{1D35B814-74A5-48FB-87B2-BEB4E5CCDA86}"
EndProject
Project("{FAE04EC0-301F-11D3-BF4B-00C04F79EFBC}") = "Client", "src\Client\Client.csproj", "{F0BDB093-B23D-4D56-B1D2-4C64F7162F4D}"
EndProject
Project("{FAE04EC0-301F-11D3-BF4B-00C04F79EFBC}") = "WebClient", "src\WebClient\WebClient.csproj", "{66D56735-9925-4A25-8D89-A76F2E40A23C}"
EndProject
Project("{FAE04EC0-301F-11D3-BF4B-00C04F79EFBC}") = "IdentityServerAspNetIdentity", "src\IdentityServerAspNetIdentity\IdentityServerAspNetIdentity.csproj", "{277C2792-D755-4E08-A99A-0AC7AF03132D}"
EndProject
Project("{FAE04EC0-301F-11D3-BF4B-00C04F79EFBC}") = "JavaScriptClient", "src\JavaScriptClient\JavaScriptClient.csproj", "{DB97B267-CC6A-4616-B998-3E85FD5B7299}"
EndProject
Global
	GlobalSection(SolutionConfigurationPlatforms) = preSolution
		Debug|Any CPU = Debug|Any CPU
		Release|Any CPU = Release|Any CPU
	EndGlobalSection
	GlobalSection(SolutionProperties) = preSolution
		HideSolutionNode = FALSE
	EndGlobalSection
	GlobalSection(ProjectConfigurationPlatforms) = postSolution
		{498ED2C8-E02A-40DB-BB5B-465E94AA3D11}.Debug|Any CPU.ActiveCfg = Debug|Any CPU
		{498ED2C8-E02A-40DB-BB5B-465E94AA3D11}.Debug|Any CPU.Build.0 = Debug|Any CPU
		{498ED2C8-E02A-40DB-BB5B-465E94AA3D11}.Release|Any CPU.ActiveCfg = Release|Any CPU
		{498ED2C8-E02A-40DB-BB5B-465E94AA3D11}.Release|Any CPU.Build.0 = Release|Any CPU
		{1D35B814-74A5-48FB-87B2-BEB4E5CCDA86}.Debug|Any CPU.ActiveCfg = Debug|Any CPU
		{1D35B814-74A5-48FB-87B2-BEB4E5CCDA86}.Debug|Any CPU.Build.0 = Debug|Any CPU
		{1D35B814-74A5-48FB-87B2-BEB4E5CCDA86}.Release|Any CPU.ActiveCfg = Release|Any CPU
		{1D35B814-74A5-48FB-87B2-BEB4E5CCDA86}.Release|Any CPU.Build.0 = Release|Any CPU
		{F0BDB093-B23D-4D56-B1D2-4C64F7162F4D}.Debug|Any CPU.ActiveCfg = Debug|Any CPU
		{F0BDB093-B23D-4D56-B1D2-4C64F7162F4D}.Debug|Any CPU.Build.0 = Debug|Any CPU
		{F0BDB093-B23D-4D56-B1D2-4C64F7162F4D}.Release|Any CPU.ActiveCfg = Release|Any CPU
		{F0BDB093-B23D-4D56-B1D2-4C64F7162F4D}.Release|Any CPU.Build.0 = Release|Any CPU
		{66D56735-9925-4A25-8D89-A76F2E40A23C}.Debug|Any CPU.ActiveCfg = Debug|Any CPU
		{66D56735-9925-4A25-8D89-A76F2E40A23C}.Debug|Any CPU.Build.0 = Debug|Any CPU
		{66D56735-9925-4A25-8D89-A76F2E40A23C}.Release|Any CPU.ActiveCfg = Release|Any CPU
		{66D56735-9925-4A25-8D89-A76F2E40A23C}.Release|Any CPU.Build.0 = Release|Any CPU
		{277C2792-D755-4E08-A99A-0AC7AF03132D}.Debug|Any CPU.ActiveCfg = Debug|Any CPU
		{277C2792-D755-4E08-A99A-0AC7AF03132D}.Debug|Any CPU.Build.0 = Debug|Any CPU
		{277C2792-D755-4E08-A99A-0AC7AF03132D}.Release|Any CPU.ActiveCfg = Release|Any CPU
		{277C2792-D755-4E08-A99A-0AC7AF03132D}.Release|Any CPU.Build.0 = Release|Any CPU
		{DB97B267-CC6A-4616-B998-3E85FD5B7299}.Debug|Any CPU.ActiveCfg = Debug|Any CPU
		{DB97B267-CC6A-4616-B998-3E85FD5B7299}.Debug|Any CPU.Build.0 = Debug|Any CPU
		{DB97B267-CC6A-4616-B998-3E85FD5B7299}.Release|Any CPU.ActiveCfg = Release|Any CPU
		{DB97B267-CC6A-4616-B998-3E85FD5B7299}.Release|Any CPU.Build.0 = Release|Any CPU
	EndGlobalSection
	GlobalSection(NestedProjects) = preSolution
		{498ED2C8-E02A-40DB-BB5B-465E94AA3D11} = {20537B0A-8660-456D-8E34-08FAA553D49F}
		{1D35B814-74A5-48FB-87B2-BEB4E5CCDA86} = {20537B0A-8660-456D-8E34-08FAA553D49F}
		{F0BDB093-B23D-4D56-B1D2-4C64F7162F4D} = {20537B0A-8660-456D-8E34-08FAA553D49F}
		{66D56735-9925-4A25-8D89-A76F2E40A23C} = {20537B0A-8660-456D-8E34-08FAA553D49F}
		{277C2792-D755-4E08-A99A-0AC7AF03132D} = {20537B0A-8660-456D-8E34-08FAA553D49F}
		{DB97B267-CC6A-4616-B998-3E85FD5B7299} = {20537B0A-8660-456D-8E34-08FAA553D49F}
	EndGlobalSection
EndGlobal
